version = 1
revision = 3
requires-python = "==3.11.*"

[[package]]
name = "greenlet"
version = "3.5.5"
source = { registry = "https://pypi.org/simple" }
sdist = { url = "https://files.pythonhosted.org/packages/0b/d8/7cc97c142388aef03f622e001c572c4f84e9252a439549d483f555771970/greenlet-3.5.5.tar.gz", hash = "sha256:adb4bae02e91a8e863e48b177e4014bdcac8a6b5e047ea1df687a61534b85e6c", size = 207585, upload-time = "2026-08-10T15:09:36.136Z" }
wheels = [
    { url = "https://files.pythonhosted.org/packages/4e/a3/07297917485ee2ca85bc3c8dc6ed85ad3fffcf424047fba62671dba68e97/greenlet-3.5.5-cp311-cp311-macosx_11_0_universal2.whl", hash = "sha256:be63afcbbccfad3dd95a1ba12ada84dab2ef32031973d80b5b92df67fa763a61", size = 294165, upload-time = "2026-08-10T13:25:17.987Z" },
    { url = "https://files.pythonhosted.org/packages/db/51/6f732f9314cda54c5fd48a7620c7160f4f286967e8045ad94b9d66ce80b7/greenlet-3.5.5-cp311-cp311-manylinux_2_24_aarch64.manylinux_2_28_aarch64.whl", hash = "sha256:8a268024ce2d7d2b04694bf1594058981a9fa663d1df4b762dee499211ed7c1c", size = 613610, upload-time = "2026-08-10T14:14:33.829Z" },
    { url = "https://files.pythonhosted.org/packages/d8/c0/b27589e25d220289edcd4d582b2b17b83058d1a56d53d971b6ea1a34f10d/greenlet-3.5.5-cp311-cp311-manylinux_2_24_ppc64le.manylinux_2_28_ppc64le.whl", hash = "sha256:35cbb8bf55ace57fbccb4fb8622c4521713acd8691e77f4696d416ea7ca527da", size = 625481, upload-time = "2026-08-10T14:27:23.647Z" },
    { url = "https://files.pythonhosted.org/packages/51/2d/f2c928218ac52f26d7a2c188c171d1b7e728b23782cb3347e7b4fce1493a/greenlet-3.5.5-cp311-cp311-manylinux_2_24_x86_64.manylinux_2_28_x86_64.whl", hash = "sha256:74cc6df89ec5302337adc9cf096221cbed2510fd444b0e0f1586cf0470740864", size = 624562, upload-time = "2026-08-10T13:40:48.064Z" },
    { url = "https://files.pythonhosted.org/packages/3e/4a/92fc51d5d35912f4f06eec037ba347985defd0be47463a010a325634d9d2/greenlet-3.5.5-cp311-cp311-musllinux_1_2_aarch64.whl", hash = "sha256:6d9b454c5fc48aeaa7c4337813dbf513a6870468e426438a04d922c6d0fe63db", size = 1584909, upload-time = "2026-08-10T14:15:04.343Z" },
    { url = "https://files.pythonhosted.org/packages/ac/58/ed98b80ac5738c149a5258544843c45601ade1fd70f61740cdaead6351b3/greenlet-3.5.5-cp311-cp311-musllinux_1_2_x86_64.whl", hash = "sha256:03551ed792cb1b4fc0277a0c60dfd8c343894a0ba06fe60dcd22f568b433da39", size = 1651184, upload-time = "2026-08-10T13:40:28.879Z" },
    { url = "https://files.pythonhosted.org/packages/d8/be/b582ceb80cefdf9d8da34078714e4b12b3d16f509dee0f65e40a5cc8fc7d/greenlet-3.5.5-cp311-cp311-win_amd64.whl", hash = "sha256:ab3df3dffb58bf70564e93a5cec7941e4d9faa5a36cc4234a10d3131afe04f53", size = 323280, upload-time = "2026-08-10T13:26:07.495Z" },
    { url = "https://files.pythonhosted.org/packages/4d/18/5313c4c58598c38b0373c013e4ff2b3e6d258aaaa338f373335ebecdaddd/greenlet-3.5.5-cp311-cp311-win_arm64.whl", hash = "sha256:2b70a766135540c472ac1393d57c2e1b4a2eb85bf526a1e41e6d096173a8cee5", size = 307785, upload-time = "2026-08-10T13:28:34.874Z" },
]

[[package]]
name = "psycopg"
version = "3.3.4"
source = { registry = "https://pypi.org/simple" }
dependencies = [
    { name = "typing-extensions" },
    { name = "tzdata", marker = "sys_platform == 'win32'" },
]
sdist = { url = "https://files.pythonhosted.org/packages/db/2f/cb91e5502ec9de1de6f1b76cfbf69531932725361168bb06963620c77e2e/psycopg-3.3.4.tar.gz", hash = "sha256:e21207764952cff81b6b8bdacad9a3939f2793367fdac2987b3aac36a651b5bc", size = 165799, upload-time = "2026-05-01T23:31:55.179Z" }
wheels = [
    { url = "https://files.pythonhosted.org/packages/5c/e0/7b3dee031daae7743609ce3c746565d4a3ed7c2c186479eb48e34e838c64/psycopg-3.3.4-py3-none-any.whl", hash = "sha256:b6bbc25ccf05c8fad3b061d9db2ef0909a555171b84b07f29458a447253d679a", size = 213001, upload-time = "2026-05-01T23:20:50.816Z" },
]

[[package]]
name = "ql-script"
version = "0.1.0"
source = { virtual = "." }
dependencies = [
    { name = "psycopg" },
    { name = "ruamel-yaml" },
    { name = "sqlalchemy" },
]

[package.metadata]
requires-dist = [
    { name = "psycopg", specifier = ">=3.3.4" },
    { name = "ruamel-yaml", specifier = ">=0.19.1" },
    { name = "sqlalchemy", specifier = ">=2.0.52" },
]

[[package]]
name = "ruamel-yaml"
version = "0.19.1"
source = { registry = "https://pypi.org/simple" }
sdist = { url = "https://files.pythonhosted.org/packages/c7/3b/ebda527b56beb90cb7652cb1c7e4f91f48649fbcd8d2eb2fb6e77cd3329b/ruamel_yaml-0.19.1.tar.gz", hash = "sha256:53eb66cd27849eff968ebf8f0bf61f46cdac2da1d1f3576dd4ccee9b25c31993", size = 142709, upload-time = "2026-01-02T16:50:31.84Z" }
wheels = [
    { url = "https://files.pythonhosted.org/packages/b8/0c/51f6841f1d84f404f92463fc2b1ba0da357ca1e3db6b7fbda26956c3b82a/ruamel_yaml-0.19.1-py3-none-any.whl", hash = "sha256:27592957fedf6e0b62f281e96effd28043345e0e66001f97683aa9a40c667c93", size = 118102, upload-time = "2026-01-02T16:50:29.201Z" },
]

[[package]]
name = "sqlalchemy"
version = "2.0.52"
source = { registry = "https://pypi.org/simple" }
dependencies = [
    { name = "greenlet", marker = "platform_machine == 'AMD64' or platform_machine == 'WIN32' or platform_machine == 'aarch64' or platform_machine == 'amd64' or platform_machine == 'ppc64le' or platform_machine == 'win32' or platform_machine == 'x86_64'" },
    { name = "typing-extensions" },
]
sdist = { url = "https://files.pythonhosted.org/packages/3b/21/77b4c147963073040dc3c3a5cb7a8c3001a1893c0209432cb77f9df836aa/sqlalchemy-2.0.52.tar.gz", hash = "sha256:5e2d46356ac2ccb7d268ab6c2319ac6a2b42f1b8d5fd8bd3d46855cd82abee97", size = 9945637, upload-time = "2026-08-11T19:07:09.829Z" }
wheels = [
    { url = "https://files.pythonhosted.org/packages/6b/08/cc5f7627b92f1456bc0b5fb7e98af4600248abe422a44da0d17a3fe6a448/sqlalchemy-2.0.52-cp311-cp311-macosx_11_0_arm64.whl", hash = "sha256:e0c3ce43907374889f3352bdcc6195c970148a2cb71574cd0237a5071a37fb6c", size = 2172460, upload-time = "2026-08-11T20:58:22.429Z" },
    { url = "https://files.pythonhosted.org/packages/ed/dc/9a2abad8bfc8fdcd38c64adc056aeefab7aaa96ecd32f5e8c140e6375f17/sqlalchemy-2.0.52-cp311-cp311-manylinux2014_aarch64.manylinux_2_17_aarch64.manylinux_2_28_aarch64.whl", hash = "sha256:7a0d48c4b80717c61385b4e966e087c839a66cfd7b780641dcb428f4dba65608", size = 3355720, upload-time = "2026-08-11T21:00:06.746Z" },
    { url = "https://files.pythonhosted.org/packages/a8/73/e75597b5841043e3c74055d00d4feb53d9a49a5c89ba2450d2d9aab53597/sqlalchemy-2.0.52-cp311-cp311-manylinux2014_x86_64.manylinux_2_17_x86_64.manylinux_2_28_x86_64.whl", hash = "sha256:938325a5373267afc53bfbe72983b20fbd64ca47842aac62433c3da1137ecff1", size = 3354394, upload-time = "2026-08-11T21:05:51.454Z" },
    { url = "https://files.pythonhosted.org/packages/12/25/410fbc6c2f1fa8310f4ef1b6847d47d0ac1c042c7b4e81eaaca063d030a9/sqlalchemy-2.0.52-cp311-cp311-musllinux_1_2_aarch64.whl", hash = "sha256:5f8438a98d49424acf69d0d53c0a522951dfe49a6f2d86417fbb37ad3066ab43", size = 3306991, upload-time = "2026-08-11T21:00:08.603Z" },
    { url = "https://files.pythonhosted.org/packages/b2/ba/25ffd5c24681ea4b46e62c80ceca8200ce204de1773366321306cf3f608a/sqlalchemy-2.0.52-cp311-cp311-musllinux_1_2_x86_64.whl", hash = "sha256:4699dbb8d396d199e7e78fd4d525e3ad3d6008a9c8c0160b87e74c606c2c3736", size = 3327454, upload-time = "2026-08-11T21:05:53.368Z" },
    { url = "https://files.pythonhosted.org/packages/c2/f1/0f1b1d4800e51218e736a06ed55a3b2a59c257600bbaca7673bf13d2dbec/sqlalchemy-2.0.52-cp311-cp311-win32.whl", hash = "sha256:cef328349452ae152637df4d11ce5a0919ecdf0a363e16c830c3518ee33bde72", size = 2131248, upload-time = "2026-08-11T21:09:50.765Z" },
    { url = "https://files.pythonhosted.org/packages/7a/f0/04d2ac5ad66f3d31278f37064ed5f5ef3fe653f7bdaa67036663f223d186/sqlalchemy-2.0.52-cp311-cp311-win_amd64.whl", hash = "sha256:f1c850792a3b25a3ad74dade3f05e4f402cdebfea27438bcadafaa1617f77bcc", size = 2156943, upload-time = "2026-08-11T21:09:51.979Z" },
    { url = "https://files.pythonhosted.org/packages/b3/3f/3582293d1e185e71d19d7c731c3e2ee20ba21981c4a1115c0806c1f62120/sqlalchemy-2.0.52-py3-none-any.whl", hash = "sha256:3b81b8363a919ce53453591cdb93702e6bd54ade6c4fa2f468fc053baee5ed89", size = 1950700, upload-time = "2026-08-11T20:47:21.603Z" },
]

[[package]]
name = "typing-extensions"
version = "4.16.0"
source = { registry = "https://pypi.org/simple" }
sdist = { url = "https://files.pythonhosted.org/packages/f6/cc/6253133b5bb138fc3306cebfbda2c520f545d36b5be2c7255cc528bb45d6/typing_extensions-4.16.0.tar.gz", hash = "sha256:dc983d19a509c94dba722ee6abd33940f7c05a89e243c47e907eb4db6f1a43e5", size = 113555, upload-time = "2026-07-02T08:40:05.92Z" }
wheels = [
    { url = "https://files.pythonhosted.org/packages/49/d3/b8441a820a491ddfc024b0b0cf0393375b75ea13866d9c66727e54c2fc80/typing_extensions-4.16.0-py3-none-any.whl", hash = "sha256:481caa481374e813c1b176ada14e97f1f67a4539ce9cfeb3f350d78d6370c2e8", size = 45571, upload-time = "2026-07-02T08:40:04.659Z" },
]

[[package]]
name = "tzdata"
version = "2026.3"
source = { registry = "https://pypi.org/simple" }
sdist = { url = "https://files.pythonhosted.org/packages/92/ff/5a28bdfd8c3ebec42564ac7d0e54ca3db65044a9314a97f9564fa7a1e926/tzdata-2026.3.tar.gz", hash = "sha256:4a1518b8993086a7982523e071643f3c0e5f213e75b21318e78bcabfff9d1415", size = 198674, upload-time = "2026-07-10T08:50:37.887Z" }
wheels = [
    { url = "https://files.pythonhosted.org/packages/e5/6d/b53b99a9f2766d095985947a5782f1702cabb129a34f7a802d7197af832f/tzdata-2026.3-py2.py3-none-any.whl", hash = "sha256:dc096730c87af6cab1b171c9d532be840741ff5d459015e7f6947bd7d7e54931", size = 348168, upload-time = "2026-07-10T08:50:36.46Z" },
]
